
Microsoft Visual Studio Solution File, Format Version 12.00
# Visual Studio 15
VisualStudioVersion = 15.0.27130.2026
MinimumVisualStudioVersion = 10.0.40219.1
Project("{FAE04EC0-301F-11D3-BF4B-00C04F79EFBC}") = "ConsoleApp17", "ConsoleApp17\ConsoleApp17.csproj", "{B07DD08C-6105-4B9E-BCD8-E6BF510031CC}"
EndProject
Global
	GlobalSection(SolutionConfigurationPlatforms) = preSolution
		Debug|Any CPU = Debug|Any CPU
		Release|Any CPU = Release|Any CPU
	EndGlobalSection
	GlobalSection(ProjectConfigurationPlatforms) = postSolution
		{B07DD08C-6105-4B9E-BCD8-E6BF510031CC}.Debug|Any CPU.ActiveCfg = Debug|Any CPU
		{B07DD08C-6105-4B9E-BCD8-E6BF510031CC}.Debug|Any CPU.Build.0 = Debug|Any CPU
		{B07DD08C-6105-4B9E-BCD8-E6BF510031CC}.Release|Any CPU.ActiveCfg = Release|Any CPU
		{B07DD08C-6105-4B9E-BCD8-E6BF510031CC}.Release|Any CPU.Build.0 = Release|Any CPU
	EndGlobalSection
	GlobalSection(SolutionProperties) = preSolution
		HideSolutionNode = FALSE
	EndGlobalSection
	GlobalSection(ExtensibilityGlobals) = postSolution
		SolutionGuid = {551ED786-EAC9-4FD1-81B0-8CB24314A262}
	EndGlobalSection
EndGlobal
