
Microsoft Visual Studio Solution File, Format Version 12.00
# Visual Studio 15
VisualStudioVersion = 15.0.27130.2026
MinimumVisualStudioVersion = 10.0.40219.1
Project("{FAE04EC0-301F-11D3-BF4B-00C04F79EFBC}") = "SS1_Prog_Test", "SS1_Prog_Test\SS1_Prog_Test.csproj", "{0AB39E8C-A2F8-4129-A25E-32D596029E8F}"
EndProject
Global
	GlobalSection(SolutionConfigurationPlatforms) = preSolution
		Debug|Any CPU = Debug|Any CPU
		Release|Any CPU = Release|Any CPU
	EndGlobalSection
	GlobalSection(ProjectConfigurationPlatforms) = postSolution
		{0AB39E8C-A2F8-4129-A25E-32D596029E8F}.Debug|Any CPU.ActiveCfg = Debug|Any CPU
		{0AB39E8C-A2F8-4129-A25E-32D596029E8F}.Debug|Any CPU.Build.0 = Debug|Any CPU
		{0AB39E8C-A2F8-4129-A25E-32D596029E8F}.Release|Any CPU.ActiveCfg = Release|Any CPU
		{0AB39E8C-A2F8-4129-A25E-32D596029E8F}.Release|Any CPU.Build.0 = Release|Any CPU
	EndGlobalSection
	GlobalSection(SolutionProperties) = preSolution
		HideSolutionNode = FALSE
	EndGlobalSection
	GlobalSection(ExtensibilityGlobals) = postSolution
		SolutionGuid = {9830E7C5-A8B6-426D-BDAF-C7463BA43724}
	EndGlobalSection
EndGlobal
