
Microsoft Visual Studio Solution File, Format Version 12.00
# Visual Studio 15
VisualStudioVersion = 15.0.27130.2026
MinimumVisualStudioVersion = 10.0.40219.1
Project("{FAE04EC0-301F-11D3-BF4B-00C04F79EFBC}") = "Kek", "Kek\Kek.csproj", "{6BCAB3F5-17F5-4793-8E13-1BF2185B2AFF}"
EndProject
Global
	GlobalSection(SolutionConfigurationPlatforms) = preSolution
		Debug|Any CPU = Debug|Any CPU
		Release|Any CPU = Release|Any CPU
	EndGlobalSection
	GlobalSection(ProjectConfigurationPlatforms) = postSolution
		{6BCAB3F5-17F5-4793-8E13-1BF2185B2AFF}.Debug|Any CPU.ActiveCfg = Debug|Any CPU
		{6BCAB3F5-17F5-4793-8E13-1BF2185B2AFF}.Debug|Any CPU.Build.0 = Debug|Any CPU
		{6BCAB3F5-17F5-4793-8E13-1BF2185B2AFF}.Release|Any CPU.ActiveCfg = Release|Any CPU
		{6BCAB3F5-17F5-4793-8E13-1BF2185B2AFF}.Release|Any CPU.Build.0 = Release|Any CPU
	EndGlobalSection
	GlobalSection(SolutionProperties) = preSolution
		HideSolutionNode = FALSE
	EndGlobalSection
	GlobalSection(ExtensibilityGlobals) = postSolution
		SolutionGuid = {13631609-CE46-44EB-9144-4EAF8DEF1415}
	EndGlobalSection
EndGlobal
